
Microsoft Visual Studio Solution File, Format Version 12.00
# Visual Studio Version 17
VisualStudioVersion = 17.5.33516.290
MinimumVisualStudioVersion = 10.0.40219.1
Project("{FAE04EC0-301F-11D3-BF4B-00C04F79EFBC}") = "SZES", "SZES\SZES.csproj", "{CE0CA0DC-0AF5-40C6-A7B4-C22BA77FE97A}"
EndProject
Global
	GlobalSection(SolutionConfigurationPlatforms) = preSolution
		Debug|Any CPU = Debug|Any CPU
		Release|Any CPU = Release|Any CPU
	EndGlobalSection
	GlobalSection(ProjectConfigurationPlatforms) = postSolution
		{CE0CA0DC-0AF5-40C6-A7B4-C22BA77FE97A}.Debug|Any CPU.ActiveCfg = Debug|Any CPU
		{CE0CA0DC-0AF5-40C6-A7B4-C22BA77FE97A}.Debug|Any CPU.Build.0 = Debug|Any CPU
		{CE0CA0DC-0AF5-40C6-A7B4-C22BA77FE97A}.Release|Any CPU.ActiveCfg = Release|Any CPU
		{CE0CA0DC-0AF5-40C6-A7B4-C22BA77FE97A}.Release|Any CPU.Build.0 = Release|Any CPU
	EndGlobalSection
	GlobalSection(SolutionProperties) = preSolution
		HideSolutionNode = FALSE
	EndGlobalSection
	GlobalSection(ExtensibilityGlobals) = postSolution
		SolutionGuid = {F7B6B448-16F7-4A08-BA32-6994D4AA6CCB}
	EndGlobalSection
EndGlobal
